
Microsoft Visual Studio Solution File, Format Version 12.00
# Visual Studio Version 17
VisualStudioVersion = 17.6.33723.286
MinimumVisualStudioVersion = 10.0.40219.1
Project("{9A19103F-16F7-4668-BE54-9A1E7A4F7556}") = "Formula1Store", "Formula1Store\Formula1Store.csproj", "{263EBF23-96A1-4999-8E1A-E626CB1CDF5B}"
EndProject
Project("{9A19103F-16F7-4668-BE54-9A1E7A4F7556}") = "Formula1Store.Core", "Formula1Store.Core\Formula1Store.Core.csproj", "{B8DD7E30-B80B-4280-96C1-AE72312C1F1B}"
EndProject
Project("{9A19103F-16F7-4668-BE54-9A1E7A4F7556}") = "Formula1Store.Domain", "Formula1Store.Domain\Formula1Store.Domain.csproj", "{8F8F3313-BFC9-4F84-BCF7-A7267D79F1C1}"
EndProject
Project("{9A19103F-16F7-4668-BE54-9A1E7A4F7556}") = "Formula1Store.Infrastructure", "Formula1Store.Infrastructure\Formula1Store.Infrastructure.csproj", "{50FCDBC6-C86D-4C47-ABE6-745AE2612052}"
EndProject
Project("{FAE04EC0-301F-11D3-BF4B-00C04F79EFBC}") = "Formula1Store.UnitTests", "Formula1Store.UnitTests\Formula1Store.UnitTests.csproj", "{9E9535F1-C740-4468-80EE-6B780728C1BC}"
EndProject
Global
	GlobalSection(SolutionConfigurationPlatforms) = preSolution
		Debug|Any CPU = Debug|Any CPU
		Release|Any CPU = Release|Any CPU
	EndGlobalSection
	GlobalSection(ProjectConfigurationPlatforms) = postSolution
		{263EBF23-96A1-4999-8E1A-E626CB1CDF5B}.Debug|Any CPU.ActiveCfg = Debug|Any CPU
		{263EBF23-96A1-4999-8E1A-E626CB1CDF5B}.Debug|Any CPU.Build.0 = Debug|Any CPU
		{263EBF23-96A1-4999-8E1A-E626CB1CDF5B}.Release|Any CPU.ActiveCfg = Release|Any CPU
		{263EBF23-96A1-4999-8E1A-E626CB1CDF5B}.Release|Any CPU.Build.0 = Release|Any CPU
		{B8DD7E30-B80B-4280-96C1-AE72312C1F1B}.Debug|Any CPU.ActiveCfg = Debug|Any CPU
		{B8DD7E30-B80B-4280-96C1-AE72312C1F1B}.Debug|Any CPU.Build.0 = Debug|Any CPU
		{B8DD7E30-B80B-4280-96C1-AE72312C1F1B}.Release|Any CPU.ActiveCfg = Release|Any CPU
		{B8DD7E30-B80B-4280-96C1-AE72312C1F1B}.Release|Any CPU.Build.0 = Release|Any CPU
		{8F8F3313-BFC9-4F84-BCF7-A7267D79F1C1}.Debug|Any CPU.ActiveCfg = Debug|Any CPU
		{8F8F3313-BFC9-4F84-BCF7-A7267D79F1C1}.Debug|Any CPU.Build.0 = Debug|Any CPU
		{8F8F3313-BFC9-4F84-BCF7-A7267D79F1C1}.Release|Any CPU.ActiveCfg = Release|Any CPU
		{8F8F3313-BFC9-4F84-BCF7-A7267D79F1C1}.Release|Any CPU.Build.0 = Release|Any CPU
		{50FCDBC6-C86D-4C47-ABE6-745AE2612052}.Debug|Any CPU.ActiveCfg = Debug|Any CPU
		{50FCDBC6-C86D-4C47-ABE6-745AE2612052}.Debug|Any CPU.Build.0 = Debug|Any CPU
		{50FCDBC6-C86D-4C47-ABE6-745AE2612052}.Release|Any CPU.ActiveCfg = Release|Any CPU
		{50FCDBC6-C86D-4C47-ABE6-745AE2612052}.Release|Any CPU.Build.0 = Release|Any CPU
		{9E9535F1-C740-4468-80EE-6B780728C1BC}.Debug|Any CPU.ActiveCfg = Debug|Any CPU
		{9E9535F1-C740-4468-80EE-6B780728C1BC}.Debug|Any CPU.Build.0 = Debug|Any CPU
		{9E9535F1-C740-4468-80EE-6B780728C1BC}.Release|Any CPU.ActiveCfg = Release|Any CPU
		{9E9535F1-C740-4468-80EE-6B780728C1BC}.Release|Any CPU.Build.0 = Release|Any CPU
	EndGlobalSection
	GlobalSection(SolutionProperties) = preSolution
		HideSolutionNode = FALSE
	EndGlobalSection
	GlobalSection(ExtensibilityGlobals) = postSolution
		SolutionGuid = {E623D549-A227-4DAB-8FF1-58C29145A9F2}
	EndGlobalSection
EndGlobal
